
Microsoft Visual Studio Solution File, Format Version 12.00
# Visual Studio Version 16
VisualStudioVersion = 16.0.31321.278
MinimumVisualStudioVersion = 10.0.40219.1
Project("{9A19103F-16F7-4668-BE54-9A1E7A4F7556}") = "NesMeet", "NesMeet\NesMeet.csproj", "{C1B4C524-8470-4146-9BD4-699ED8003A1B}"
EndProject
Global
	GlobalSection(SolutionConfigurationPlatforms) = preSolution
		Debug|Any CPU = Debug|Any CPU
		Release|Any CPU = Release|Any CPU
	EndGlobalSection
	GlobalSection(ProjectConfigurationPlatforms) = postSolution
		{C1B4C524-8470-4146-9BD4-699ED8003A1B}.Debug|Any CPU.ActiveCfg = Debug|Any CPU
		{C1B4C524-8470-4146-9BD4-699ED8003A1B}.Debug|Any CPU.Build.0 = Debug|Any CPU
		{C1B4C524-8470-4146-9BD4-699ED8003A1B}.Release|Any CPU.ActiveCfg = Release|Any CPU
		{C1B4C524-8470-4146-9BD4-699ED8003A1B}.Release|Any CPU.Build.0 = Release|Any CPU
	EndGlobalSection
	GlobalSection(SolutionProperties) = preSolution
		HideSolutionNode = FALSE
	EndGlobalSection
	GlobalSection(ExtensibilityGlobals) = postSolution
		SolutionGuid = {1D43455D-978D-45BB-8DE5-47A474AFBAB3}
	EndGlobalSection
EndGlobal
